
Microsoft Visual Studio Solution File, Format Version 12.00
# Visual Studio Version 16
VisualStudioVersion = 16.0.29613.14
MinimumVisualStudioVersion = 10.0.40219.1
Project("{FAE04EC0-301F-11D3-BF4B-00C04F79EFBC}") = "WebApplication1", "WebApplication1\WebApplication1.csproj", "{AFEBFEBB-0FBB-4685-AE1F-E15A1D825432}"
EndProject
Global
	GlobalSection(SolutionConfigurationPlatforms) = preSolution
		Debug|Any CPU = Debug|Any CPU
		Release|Any CPU = Release|Any CPU
	EndGlobalSection
	GlobalSection(ProjectConfigurationPlatforms) = postSolution
		{AFEBFEBB-0FBB-4685-AE1F-E15A1D825432}.Debug|Any CPU.ActiveCfg = Debug|Any CPU
		{AFEBFEBB-0FBB-4685-AE1F-E15A1D825432}.Debug|Any CPU.Build.0 = Debug|Any CPU
		{AFEBFEBB-0FBB-4685-AE1F-E15A1D825432}.Release|Any CPU.ActiveCfg = Release|Any CPU
		{AFEBFEBB-0FBB-4685-AE1F-E15A1D825432}.Release|Any CPU.Build.0 = Release|Any CPU
	EndGlobalSection
	GlobalSection(SolutionProperties) = preSolution
		HideSolutionNode = FALSE
	EndGlobalSection
	GlobalSection(ExtensibilityGlobals) = postSolution
		SolutionGuid = {EE3BED60-D537-497E-BAD2-AE3312E70D20}
	EndGlobalSection
EndGlobal
