
Microsoft Visual Studio Solution File, Format Version 12.00
# Visual Studio Version 16
VisualStudioVersion = 16.0.29613.14
MinimumVisualStudioVersion = 10.0.40219.1
Project("{FAE04EC0-301F-11D3-BF4B-00C04F79EFBC}") = "TTIPApplication", "TTIPApplication\TTIPApplication.csproj", "{FAD44074-CBCB-4386-9ADE-F40B714B4CC8}"
EndProject
Global
	GlobalSection(SolutionConfigurationPlatforms) = preSolution
		Debug|Any CPU = Debug|Any CPU
		Release|Any CPU = Release|Any CPU
	EndGlobalSection
	GlobalSection(ProjectConfigurationPlatforms) = postSolution
		{FAD44074-CBCB-4386-9ADE-F40B714B4CC8}.Debug|Any CPU.ActiveCfg = Debug|Any CPU
		{FAD44074-CBCB-4386-9ADE-F40B714B4CC8}.Debug|Any CPU.Build.0 = Debug|Any CPU
		{FAD44074-CBCB-4386-9ADE-F40B714B4CC8}.Release|Any CPU.ActiveCfg = Release|Any CPU
		{FAD44074-CBCB-4386-9ADE-F40B714B4CC8}.Release|Any CPU.Build.0 = Release|Any CPU
	EndGlobalSection
	GlobalSection(SolutionProperties) = preSolution
		HideSolutionNode = FALSE
	EndGlobalSection
	GlobalSection(ExtensibilityGlobals) = postSolution
		SolutionGuid = {6DD25A09-ED08-4E06-9BCC-CDB799A6DA08}
	EndGlobalSection
EndGlobal
